
Microsoft Visual Studio Solution File, Format Version 12.00
# Visual Studio Version 16
VisualStudioVersion = 25.0.1706.13
MinimumVisualStudioVersion = 10.0.40219.1
Project("{FAE04EC0-301F-11D3-BF4B-00C04F79EFBC}") = "ApiSII", "ApiSII.csproj", "{560F5606-0C9E-4976-9B44-3B9B45632C81}"
EndProject
Global
	GlobalSection(SolutionConfigurationPlatforms) = preSolution
		Debug|Any CPU = Debug|Any CPU
		Release|Any CPU = Release|Any CPU
	EndGlobalSection
	GlobalSection(ProjectConfigurationPlatforms) = postSolution
		{560F5606-0C9E-4976-9B44-3B9B45632C81}.Debug|Any CPU.ActiveCfg = Debug|Any CPU
		{560F5606-0C9E-4976-9B44-3B9B45632C81}.Debug|Any CPU.Build.0 = Debug|Any CPU
		{560F5606-0C9E-4976-9B44-3B9B45632C81}.Release|Any CPU.ActiveCfg = Release|Any CPU
		{560F5606-0C9E-4976-9B44-3B9B45632C81}.Release|Any CPU.Build.0 = Release|Any CPU
	EndGlobalSection
	GlobalSection(SolutionProperties) = preSolution
		HideSolutionNode = FALSE
	EndGlobalSection
	GlobalSection(ExtensibilityGlobals) = postSolution
		SolutionGuid = {9A1A9DAA-98B7-4074-87FF-F676971C4FE9}
	EndGlobalSection
EndGlobal
